// !$*UTF8*$!
{
	archiveVersion = 1;
	classes = {
	};
	objectVersion = 50;
	objects = {

/* Begin PBXBuildFile section */
		08DAEB77269E15AF00B05EB6 /* Colors.swift in Sources */ = {isa = PBXBuildFile; fileRef = 08DAEB76269E15AF00B05EB6 /* Colors.swift */; };
		08DAEB8B269E16FC00B05EB6 /* Raleway-Medium.ttf in Resources */ = {isa = PBXBuildFile; fileRef = 08DAEB79269E16FB00B05EB6 /* Raleway-Medium.ttf */; };
		08DAEB8C269E16FC00B05EB6 /* Raleway-ExtraBold.ttf in Resources */ = {isa = PBXBuildFile; fileRef = 08DAEB7A269E16FB00B05EB6 /* Raleway-ExtraBold.ttf */; };
		08DAEB8D269E16FC00B05EB6 /* Raleway-ExtraLight.ttf in Resources */ = {isa = PBXBuildFile; fileRef = 08DAEB7B269E16FC00B05EB6 /* Raleway-ExtraLight.ttf */; };
		08DAEB8E269E16FC00B05EB6 /* Raleway-Black.ttf in Resources */ = {isa = PBXBuildFile; fileRef = 08DAEB7C269E16FC00B05EB6 /* Raleway-Black.ttf */; };
		08DAEB8F269E16FC00B05EB6 /* Raleway-Regular.ttf in Resources */ = {isa = PBXBuildFile; fileRef = 08DAEB7D269E16FC00B05EB6 /* Raleway-Regular.ttf */; };
		08DAEB90269E16FC00B05EB6 /* Raleway-ExtraBoldItalic.ttf in Resources */ = {isa = PBXBuildFile; fileRef = 08DAEB7E269E16FC00B05EB6 /* Raleway-ExtraBoldItalic.ttf */; };
		08DAEB91269E16FC00B05EB6 /* Raleway-ThinItalic.ttf in Resources */ = {isa = PBXBuildFile; fileRef = 08DAEB7F269E16FC00B05EB6 /* Raleway-ThinItalic.ttf */; };
		08DAEB92269E16FC00B05EB6 /* Raleway-SemiBold.ttf in Resources */ = {isa = PBXBuildFile; fileRef = 08DAEB80269E16FC00B05EB6 /* Raleway-SemiBold.ttf */; };
		08DAEB93269E16FC00B05EB6 /* Raleway-ExtraLightItalic.ttf in Resources */ = {isa = PBXBuildFile; fileRef = 08DAEB81269E16FC00B05EB6 /* Raleway-ExtraLightItalic.ttf */; };
		08DAEB94269E16FC00B05EB6 /* Raleway-SemiBoldItalic.ttf in Resources */ = {isa = PBXBuildFile; fileRef = 08DAEB82269E16FC00B05EB6 /* Raleway-SemiBoldItalic.ttf */; };
		08DAEB95269E16FC00B05EB6 /* Raleway-Italic.ttf in Resources */ = {isa = PBXBuildFile; fileRef = 08DAEB83269E16FC00B05EB6 /* Raleway-Italic.ttf */; };
		08DAEB96269E16FC00B05EB6 /* Raleway-Light.ttf in Resources */ = {isa = PBXBuildFile; fileRef = 08DAEB84269E16FC00B05EB6 /* Raleway-Light.ttf */; };
		08DAEB97269E16FC00B05EB6 /* Raleway-BoldItalic.ttf in Resources */ = {isa = PBXBuildFile; fileRef = 08DAEB85269E16FC00B05EB6 /* Raleway-BoldItalic.ttf */; };
		08DAEB98269E16FC00B05EB6 /* Raleway-Bold.ttf in Resources */ = {isa = PBXBuildFile; fileRef = 08DAEB86269E16FC00B05EB6 /* Raleway-Bold.ttf */; };
		08DAEB99269E16FC00B05EB6 /* Raleway-Thin.ttf in Resources */ = {isa = PBXBuildFile; fileRef = 08DAEB87269E16FC00B05EB6 /* Raleway-Thin.ttf */; };
		08DAEB9A269E16FC00B05EB6 /* Raleway-MediumItalic.ttf in Resources */ = {isa = PBXBuildFile; fileRef = 08DAEB88269E16FC00B05EB6 /* Raleway-MediumItalic.ttf */; };
		08DAEB9B269E16FC00B05EB6 /* Raleway-BlackItalic.ttf in Resources */ = {isa = PBXBuildFile; fileRef = 08DAEB89269E16FC00B05EB6 /* Raleway-BlackItalic.ttf */; };
		08DAEB9C269E16FC00B05EB6 /* Raleway-LightItalic.ttf in Resources */ = {isa = PBXBuildFile; fileRef = 08DAEB8A269E16FC00B05EB6 /* Raleway-LightItalic.ttf */; };
		08DAEBA0269E172C00B05EB6 /* LibreBaskerville-Regular.ttf in Resources */ = {isa = PBXBuildFile; fileRef = 08DAEB9D269E172C00B05EB6 /* LibreBaskerville-Regular.ttf */; };
		08DAEBA1269E172C00B05EB6 /* LibreBaskerville-Bold.ttf in Resources */ = {isa = PBXBuildFile; fileRef = 08DAEB9E269E172C00B05EB6 /* LibreBaskerville-Bold.ttf */; };
		08DAEBA2269E172C00B05EB6 /* LibreBaskerville-Italic.ttf in Resources */ = {isa = PBXBuildFile; fileRef = 08DAEB9F269E172C00B05EB6 /* LibreBaskerville-Italic.ttf */; };
		08DAEBA7269E1AFF00B05EB6 /* Canvas.swift in Sources */ = {isa = PBXBuildFile; fileRef = 08DAEBA6269E1AFF00B05EB6 /* Canvas.swift */; };
		08DAEBA9269E2C9F00B05EB6 /* TextView.swift in Sources */ = {isa = PBXBuildFile; fileRef = 08DAEBA8269E2C9F00B05EB6 /* TextView.swift */; };
		08DAEBAB269E2E6300B05EB6 /* Views.swift in Sources */ = {isa = PBXBuildFile; fileRef = 08DAEBAA269E2E6300B05EB6 /* Views.swift */; };
		6F012E3A269CD6F60033C1B7 /* Localizable.strings in Resources */ = {isa = PBXBuildFile; fileRef = 6F012E3C269CD6F60033C1B7 /* Localizable.strings */; };
		6FF7AEE52694ED6B0079874A /* jouJouApp.swift in Sources */ = {isa = PBXBuildFile; fileRef = 6FF7AEE42694ED6B0079874A /* jouJouApp.swift */; };
		6FF7AEE72694ED6B0079874A /* ContentView.swift in Sources */ = {isa = PBXBuildFile; fileRef = 6FF7AEE62694ED6B0079874A /* ContentView.swift */; };
		6FF7AEE92694ED6E0079874A /* Assets.xcassets in Resources */ = {isa = PBXBuildFile; fileRef = 6FF7AEE82694ED6E0079874A /* Assets.xcassets */; };
		6FF7AEEC2694ED6E0079874A /* Preview Assets.xcassets in Resources */ = {isa = PBXBuildFile; fileRef = 6FF7AEEB2694ED6E0079874A /* Preview Assets.xcassets */; };
		6FF7AEEE2694ED6E0079874A /* Persistence.swift in Sources */ = {isa = PBXBuildFile; fileRef = 6FF7AEED2694ED6E0079874A /* Persistence.swift */; };
		6FF7AEF12694ED6E0079874A /* jouJou.xcdatamodeld in Sources */ = {isa = PBXBuildFile; fileRef = 6FF7AEEF2694ED6E0079874A /* jouJou.xcdatamodeld */; };
		6FF7AEFC2694ED6E0079874A /* jouJouTests.swift in Sources */ = {isa = PBXBuildFile; fileRef = 6FF7AEFB2694ED6E0079874A /* jouJouTests.swift */; };
		6FF7AF072694ED6E0079874A /* jouJouUITests.swift in Sources */ = {isa = PBXBuildFile; fileRef = 6FF7AF062694ED6E0079874A /* jouJouUITests.swift */; };
		A862F0FC269E319B00D903B1 /* ImageTestView.swift in Sources */ = {isa = PBXBuildFile; fileRef = A862F0FB269E319B00D903B1 /* ImageTestView.swift */; };
		A862F101269E31A000D903B1 /* ImagePicker.swift in Sources */ = {isa = PBXBuildFile; fileRef = A862F100269E31A000D903B1 /* ImagePicker.swift */; };
		A862F106269E31A600D903B1 /* ImageView.swift in Sources */ = {isa = PBXBuildFile; fileRef = A862F105269E31A600D903B1 /* ImageView.swift */; };
		A862F11F269F5E5600D903B1 /* DrawingView.swift in Sources */ = {isa = PBXBuildFile; fileRef = A862F11E269F5E5600D903B1 /* DrawingView.swift */; };
/* End PBXBuildFile section */

/* Begin PBXContainerItemProxy section */
		6FF7AEF82694ED6E0079874A /* PBXContainerItemProxy */ = {
			isa = PBXContainerItemProxy;
			containerPortal = 6FF7AED92694ED6B0079874A /* Project object */;
			proxyType = 1;
			remoteGlobalIDString = 6FF7AEE02694ED6B0079874A;
			remoteInfo = jouJou;
		};
		6FF7AF032694ED6E0079874A /* PBXContainerItemProxy */ = {
			isa = PBXContainerItemProxy;
			containerPortal = 6FF7AED92694ED6B0079874A /* Project object */;
			proxyType = 1;
			remoteGlobalIDString = 6FF7AEE02694ED6B0079874A;
			remoteInfo = jouJou;
		};
/* End PBXContainerItemProxy section */

/* Begin PBXFileReference section */
		08DAEB76269E15AF00B05EB6 /* Colors.swift */ = {isa = PBXFileReference; lastKnownFileType = sourcecode.swift; path = Colors.swift; sourceTree = "<group>"; };
		08DAEB79269E16FB00B05EB6 /* Raleway-Medium.ttf */ = {isa = PBXFileReference; lastKnownFileType = file; path = "Raleway-Medium.ttf"; sourceTree = "<group>"; };
		08DAEB7A269E16FB00B05EB6 /* Raleway-ExtraBold.ttf */ = {isa = PBXFileReference; lastKnownFileType = file; path = "Raleway-ExtraBold.ttf"; sourceTree = "<group>"; };
		08DAEB7B269E16FC00B05EB6 /* Raleway-ExtraLight.ttf */ = {isa = PBXFileReference; lastKnownFileType = file; path = "Raleway-ExtraLight.ttf"; sourceTree = "<group>"; };
		08DAEB7C269E16FC00B05EB6 /* Raleway-Black.ttf */ = {isa = PBXFileReference; lastKnownFileType = file; path = "Raleway-Black.ttf"; sourceTree = "<group>"; };
		08DAEB7D269E16FC00B05EB6 /* Raleway-Regular.ttf */ = {isa = PBXFileReference; lastKnownFileType = file; path = "Raleway-Regular.ttf"; sourceTree = "<group>"; };
		08DAEB7E269E16FC00B05EB6 /* Raleway-ExtraBoldItalic.ttf */ = {isa = PBXFileReference; lastKnownFileType = file; path = "Raleway-ExtraBoldItalic.ttf"; sourceTree = "<group>"; };
		08DAEB7F269E16FC00B05EB6 /* Raleway-ThinItalic.ttf */ = {isa = PBXFileReference; lastKnownFileType = file; path = "Raleway-ThinItalic.ttf"; sourceTree = "<group>"; };
		08DAEB80269E16FC00B05EB6 /* Raleway-SemiBold.ttf */ = {isa = PBXFileReference; lastKnownFileType = file; path = "Raleway-SemiBold.ttf"; sourceTree = "<group>"; };
		08DAEB81269E16FC00B05EB6 /* Raleway-ExtraLightItalic.ttf */ = {isa = PBXFileReference; lastKnownFileType = file; path = "Raleway-ExtraLightItalic.ttf"; sourceTree = "<group>"; };
		08DAEB82269E16FC00B05EB6 /* Raleway-SemiBoldItalic.ttf */ = {isa = PBXFileReference; lastKnownFileType = file; path = "Raleway-SemiBoldItalic.ttf"; sourceTree = "<group>"; };
		08DAEB83269E16FC00B05EB6 /* Raleway-Italic.ttf */ = {isa = PBXFileReference; lastKnownFileType = file; path = "Raleway-Italic.ttf"; sourceTree = "<group>"; };
		08DAEB84269E16FC00B05EB6 /* Raleway-Light.ttf */ = {isa = PBXFileReference; lastKnownFileType = file; path = "Raleway-Light.ttf"; sourceTree = "<group>"; };
		08DAEB85269E16FC00B05EB6 /* Raleway-BoldItalic.ttf */ = {isa = PBXFileReference; lastKnownFileType = file; path = "Raleway-BoldItalic.ttf"; sourceTree = "<group>"; };
		08DAEB86269E16FC00B05EB6 /* Raleway-Bold.ttf */ = {isa = PBXFileReference; lastKnownFileType = file; path = "Raleway-Bold.ttf"; sourceTree = "<group>"; };
		08DAEB87269E16FC00B05EB6 /* Raleway-Thin.ttf */ = {isa = PBXFileReference; lastKnownFileType = file; path = "Raleway-Thin.ttf"; sourceTree = "<group>"; };
		08DAEB88269E16FC00B05EB6 /* Raleway-MediumItalic.ttf */ = {isa = PBXFileReference; lastKnownFileType = file; path = "Raleway-MediumItalic.ttf"; sourceTree = "<group>"; };
		08DAEB89269E16FC00B05EB6 /* Raleway-BlackItalic.ttf */ = {isa = PBXFileReference; lastKnownFileType = file; path = "Raleway-BlackItalic.ttf"; sourceTree = "<group>"; };
		08DAEB8A269E16FC00B05EB6 /* Raleway-LightItalic.ttf */ = {isa = PBXFileReference; lastKnownFileType = file; path = "Raleway-LightItalic.ttf"; sourceTree = "<group>"; };
		08DAEB9D269E172C00B05EB6 /* LibreBaskerville-Regular.ttf */ = {isa = PBXFileReference; lastKnownFileType = file; path = "LibreBaskerville-Regular.ttf"; sourceTree = "<group>"; };
		08DAEB9E269E172C00B05EB6 /* LibreBaskerville-Bold.ttf */ = {isa = PBXFileReference; lastKnownFileType = file; path = "LibreBaskerville-Bold.ttf"; sourceTree = "<group>"; };
		08DAEB9F269E172C00B05EB6 /* LibreBaskerville-Italic.ttf */ = {isa = PBXFileReference; lastKnownFileType = file; path = "LibreBaskerville-Italic.ttf"; sourceTree = "<group>"; };
		08DAEBA6269E1AFF00B05EB6 /* Canvas.swift */ = {isa = PBXFileReference; lastKnownFileType = sourcecode.swift; path = Canvas.swift; sourceTree = "<group>"; };
		08DAEBA8269E2C9F00B05EB6 /* TextView.swift */ = {isa = PBXFileReference; lastKnownFileType = sourcecode.swift; path = TextView.swift; sourceTree = "<group>"; };
		08DAEBAA269E2E6300B05EB6 /* Views.swift */ = {isa = PBXFileReference; lastKnownFileType = sourcecode.swift; path = Views.swift; sourceTree = "<group>"; };
		6F012E3B269CD6F60033C1B7 /* en */ = {isa = PBXFileReference; lastKnownFileType = text.plist.strings; name = en; path = en.lproj/Localizable.strings; sourceTree = "<group>"; };
		6F012E3D269CD7570033C1B7 /* pt-BR */ = {isa = PBXFileReference; lastKnownFileType = text.plist.strings; name = "pt-BR"; path = "pt-BR.lproj/Localizable.strings"; sourceTree = "<group>"; };
		6FF7AEE12694ED6B0079874A /* jouJou.app */ = {isa = PBXFileReference; explicitFileType = wrapper.application; includeInIndex = 0; path = jouJou.app; sourceTree = BUILT_PRODUCTS_DIR; };
		6FF7AEE42694ED6B0079874A /* jouJouApp.swift */ = {isa = PBXFileReference; lastKnownFileType = sourcecode.swift; path = jouJouApp.swift; sourceTree = "<group>"; };
		6FF7AEE62694ED6B0079874A /* ContentView.swift */ = {isa = PBXFileReference; lastKnownFileType = sourcecode.swift; path = ContentView.swift; sourceTree = "<group>"; };
		6FF7AEE82694ED6E0079874A /* Assets.xcassets */ = {isa = PBXFileReference; lastKnownFileType = folder.assetcatalog; path = Assets.xcassets; sourceTree = "<group>"; };
		6FF7AEEB2694ED6E0079874A /* Preview Assets.xcassets */ = {isa = PBXFileReference; lastKnownFileType = folder.assetcatalog; path = "Preview Assets.xcassets"; sourceTree = "<group>"; };
		6FF7AEED2694ED6E0079874A /* Persistence.swift */ = {isa = PBXFileReference; lastKnownFileType = sourcecode.swift; path = Persistence.swift; sourceTree = "<group>"; };
		6FF7AEF02694ED6E0079874A /* jouJou.xcdatamodel */ = {isa = PBXFileReference; lastKnownFileType = wrapper.xcdatamodel; path = jouJou.xcdatamodel; sourceTree = "<group>"; };
		6FF7AEF22694ED6E0079874A /* Info.plist */ = {isa = PBXFileReference; lastKnownFileType = text.plist.xml; path = Info.plist; sourceTree = "<group>"; };
		6FF7AEF72694ED6E0079874A /* jouJouTests.xctest */ = {isa = PBXFileReference; explicitFileType = wrapper.cfbundle; includeInIndex = 0; path = jouJouTests.xctest; sourceTree = BUILT_PRODUCTS_DIR; };
		6FF7AEFB2694ED6E0079874A /* jouJouTests.swift */ = {isa = PBXFileReference; lastKnownFileType = sourcecode.swift; path = jouJouTests.swift; sourceTree = "<group>"; };
		6FF7AEFD2694ED6E0079874A /* Info.plist */ = {isa = PBXFileReference; lastKnownFileType = text.plist.xml; path = Info.plist; sourceTree = "<group>"; };
		6FF7AF022694ED6E0079874A /* jouJouUITests.xctest */ = {isa = PBXFileReference; explicitFileType = wrapper.cfbundle; includeInIndex = 0; path = jouJouUITests.xctest; sourceTree = BUILT_PRODUCTS_DIR; };
		6FF7AF062694ED6E0079874A /* jouJouUITests.swift */ = {isa = PBXFileReference; lastKnownFileType = sourcecode.swift; path = jouJouUITests.swift; sourceTree = "<group>"; };
		6FF7AF082694ED6E0079874A /* Info.plist */ = {isa = PBXFileReference; lastKnownFileType = text.plist.xml; path = Info.plist; sourceTree = "<group>"; };
		A862F0FB269E319B00D903B1 /* ImageTestView.swift */ = {isa = PBXFileReference; fileEncoding = 4; lastKnownFileType = sourcecode.swift; path = ImageTestView.swift; sourceTree = "<group>"; };
		A862F100269E31A000D903B1 /* ImagePicker.swift */ = {isa = PBXFileReference; lastKnownFileType = sourcecode.swift; path = ImagePicker.swift; sourceTree = "<group>"; };
		A862F105269E31A600D903B1 /* ImageView.swift */ = {isa = PBXFileReference; lastKnownFileType = sourcecode.swift; path = ImageView.swift; sourceTree = "<group>"; };
		A862F11E269F5E5600D903B1 /* DrawingView.swift */ = {isa = PBXFileReference; fileEncoding = 4; lastKnownFileType = sourcecode.swift; path = DrawingView.swift; sourceTree = "<group>"; };
/* End PBXFileReference section */

/* Begin PBXFrameworksBuildPhase section */
		6FF7AEDE2694ED6B0079874A /* Frameworks */ = {
			isa = PBXFrameworksBuildPhase;
			buildActionMask = 2147483647;
			files = (
			);
			runOnlyForDeploymentPostprocessing = 0;
		};
		6FF7AEF42694ED6E0079874A /* Frameworks */ = {
			isa = PBXFrameworksBuildPhase;
			buildActionMask = 2147483647;
			files = (
			);
			runOnlyForDeploymentPostprocessing = 0;
		};
		6FF7AEFF2694ED6E0079874A /* Frameworks */ = {
			isa = PBXFrameworksBuildPhase;
			buildActionMask = 2147483647;
			files = (
			);
			runOnlyForDeploymentPostprocessing = 0;
		};
/* End PBXFrameworksBuildPhase section */

/* Begin PBXGroup section */
		08DAEB75269E154900B05EB6 /* Extensions */ = {
			isa = PBXGroup;
			children = (
				08DAEB76269E15AF00B05EB6 /* Colors.swift */,
				08DAEBAA269E2E6300B05EB6 /* Views.swift */,
			);
			path = Extensions;
			sourceTree = "<group>";
		};
		08DAEB78269E167300B05EB6 /* Fonts */ = {
			isa = PBXGroup;
			children = (
				08DAEB9E269E172C00B05EB6 /* LibreBaskerville-Bold.ttf */,
				08DAEB9F269E172C00B05EB6 /* LibreBaskerville-Italic.ttf */,
				08DAEB9D269E172C00B05EB6 /* LibreBaskerville-Regular.ttf */,
				08DAEB7C269E16FC00B05EB6 /* Raleway-Black.ttf */,
				08DAEB89269E16FC00B05EB6 /* Raleway-BlackItalic.ttf */,
				08DAEB86269E16FC00B05EB6 /* Raleway-Bold.ttf */,
				08DAEB85269E16FC00B05EB6 /* Raleway-BoldItalic.ttf */,
				08DAEB7A269E16FB00B05EB6 /* Raleway-ExtraBold.ttf */,
				08DAEB7E269E16FC00B05EB6 /* Raleway-ExtraBoldItalic.ttf */,
				08DAEB7B269E16FC00B05EB6 /* Raleway-ExtraLight.ttf */,
				08DAEB81269E16FC00B05EB6 /* Raleway-ExtraLightItalic.ttf */,
				08DAEB83269E16FC00B05EB6 /* Raleway-Italic.ttf */,
				08DAEB84269E16FC00B05EB6 /* Raleway-Light.ttf */,
				08DAEB8A269E16FC00B05EB6 /* Raleway-LightItalic.ttf */,
				08DAEB79269E16FB00B05EB6 /* Raleway-Medium.ttf */,
				08DAEB88269E16FC00B05EB6 /* Raleway-MediumItalic.ttf */,
				08DAEB7D269E16FC00B05EB6 /* Raleway-Regular.ttf */,
				08DAEB80269E16FC00B05EB6 /* Raleway-SemiBold.ttf */,
				08DAEB82269E16FC00B05EB6 /* Raleway-SemiBoldItalic.ttf */,
				08DAEB87269E16FC00B05EB6 /* Raleway-Thin.ttf */,
				08DAEB7F269E16FC00B05EB6 /* Raleway-ThinItalic.ttf */,
			);
			path = Fonts;
			sourceTree = "<group>";
		};
		08DAEBA4269E1AE300B05EB6 /* View */ = {
			isa = PBXGroup;
			children = (
				08DAEBA6269E1AFF00B05EB6 /* Canvas.swift */,
				08DAEBA5269E1AE900B05EB6 /* Components */,
			);
			path = View;
			sourceTree = "<group>";
		};
		08DAEBA5269E1AE900B05EB6 /* Components */ = {
			isa = PBXGroup;
			children = (
				A862F11D269F5E4300D903B1 /* Draw */,
				08DAEBA8269E2C9F00B05EB6 /* TextView.swift */,
				A862F10D269E31C000D903B1 /* Text */,
				A862F0FA269E319100D903B1 /* Image */,
			);
			path = Components;
			sourceTree = "<group>";
		};
		6FF7AED82694ED6B0079874A = {
			isa = PBXGroup;
			children = (
				6FF7AEE32694ED6B0079874A /* jouJou */,
				6FF7AEFA2694ED6E0079874A /* jouJouTests */,
				6FF7AF052694ED6E0079874A /* jouJouUITests */,
				6FF7AEE22694ED6B0079874A /* Products */,
			);
			sourceTree = "<group>";
		};
		6FF7AEE22694ED6B0079874A /* Products */ = {
			isa = PBXGroup;
			children = (
				6FF7AEE12694ED6B0079874A /* jouJou.app */,
				6FF7AEF72694ED6E0079874A /* jouJouTests.xctest */,
				6FF7AF022694ED6E0079874A /* jouJouUITests.xctest */,
			);
			name = Products;
			sourceTree = "<group>";
		};
		6FF7AEE32694ED6B0079874A /* jouJou */ = {
			isa = PBXGroup;
			children = (
				08DAEBA4269E1AE300B05EB6 /* View */,
				08DAEB75269E154900B05EB6 /* Extensions */,
				08DAEB78269E167300B05EB6 /* Fonts */,
				6FF7AEE42694ED6B0079874A /* jouJouApp.swift */,
				6FF7AEE62694ED6B0079874A /* ContentView.swift */,
				6FF7AEE82694ED6E0079874A /* Assets.xcassets */,
				6FF7AEED2694ED6E0079874A /* Persistence.swift */,
				6FF7AEF22694ED6E0079874A /* Info.plist */,
				6FF7AEEF2694ED6E0079874A /* jouJou.xcdatamodeld */,
				6FF7AEEA2694ED6E0079874A /* Preview Content */,
				6F012E3C269CD6F60033C1B7 /* Localizable.strings */,
			);
			path = jouJou;
			sourceTree = "<group>";
		};
		6FF7AEEA2694ED6E0079874A /* Preview Content */ = {
			isa = PBXGroup;
			children = (
				6FF7AEEB2694ED6E0079874A /* Preview Assets.xcassets */,
			);
			path = "Preview Content";
			sourceTree = "<group>";
		};
		6FF7AEFA2694ED6E0079874A /* jouJouTests */ = {
			isa = PBXGroup;
			children = (
				6FF7AEFB2694ED6E0079874A /* jouJouTests.swift */,
				6FF7AEFD2694ED6E0079874A /* Info.plist */,
			);
			path = jouJouTests;
			sourceTree = "<group>";
		};
		6FF7AF052694ED6E0079874A /* jouJouUITests */ = {
			isa = PBXGroup;
			children = (
				6FF7AF062694ED6E0079874A /* jouJouUITests.swift */,
				6FF7AF082694ED6E0079874A /* Info.plist */,
			);
			path = jouJouUITests;
			sourceTree = "<group>";
		};
		A862F0FA269E319100D903B1 /* Image */ = {
			isa = PBXGroup;
			children = (
				A862F0FB269E319B00D903B1 /* ImageTestView.swift */,
				A862F100269E31A000D903B1 /* ImagePicker.swift */,
				A862F105269E31A600D903B1 /* ImageView.swift */,
			);
			path = Image;
			sourceTree = "<group>";
		};
		A862F10D269E31C000D903B1 /* Text */ = {
			isa = PBXGroup;
			children = (
			);
			path = Text;
			sourceTree = "<group>";
		};
		A862F11D269F5E4300D903B1 /* Draw */ = {
			isa = PBXGroup;
			children = (
				A862F11E269F5E5600D903B1 /* DrawingView.swift */,
			);
			path = Draw;
			sourceTree = "<group>";
		};
/* End PBXGroup section */

/* Begin PBXNativeTarget section */
		6FF7AEE02694ED6B0079874A /* jouJou */ = {
			isa = PBXNativeTarget;
			buildConfigurationList = 6FF7AF0B2694ED6E0079874A /* Build configuration list for PBXNativeTarget "jouJou" */;
			buildPhases = (
				6FF7AEDD2694ED6B0079874A /* Sources */,
				6FF7AEDE2694ED6B0079874A /* Frameworks */,
				6FF7AEDF2694ED6B0079874A /* Resources */,
			);
			buildRules = (
			);
			dependencies = (
			);
			name = jouJou;
			productName = jouJou;
			productReference = 6FF7AEE12694ED6B0079874A /* jouJou.app */;
			productType = "com.apple.product-type.application";
		};
		6FF7AEF62694ED6E0079874A /* jouJouTests */ = {
			isa = PBXNativeTarget;
			buildConfigurationList = 6FF7AF0E2694ED6E0079874A /* Build configuration list for PBXNativeTarget "jouJouTests" */;
			buildPhases = (
				6FF7AEF32694ED6E0079874A /* Sources */,
				6FF7AEF42694ED6E0079874A /* Frameworks */,
				6FF7AEF52694ED6E0079874A /* Resources */,
			);
			buildRules = (
			);
			dependencies = (
				6FF7AEF92694ED6E0079874A /* PBXTargetDependency */,
			);
			name = jouJouTests;
			productName = jouJouTests;
			productReference = 6FF7AEF72694ED6E0079874A /* jouJouTests.xctest */;
			productType = "com.apple.product-type.bundle.unit-test";
		};
		6FF7AF012694ED6E0079874A /* jouJouUITests */ = {
			isa = PBXNativeTarget;
			buildConfigurationList = 6FF7AF112694ED6E0079874A /* Build configuration list for PBXNativeTarget "jouJouUITests" */;
			buildPhases = (
				6FF7AEFE2694ED6E0079874A /* Sources */,
				6FF7AEFF2694ED6E0079874A /* Frameworks */,
				6FF7AF002694ED6E0079874A /* Resources */,
			);
			buildRules = (
			);
			dependencies = (
				6FF7AF042694ED6E0079874A /* PBXTargetDependency */,
			);
			name = jouJouUITests;
			productName = jouJouUITests;
			productReference = 6FF7AF022694ED6E0079874A /* jouJouUITests.xctest */;
			productType = "com.apple.product-type.bundle.ui-testing";
		};
/* End PBXNativeTarget section */

/* Begin PBXProject section */
		6FF7AED92694ED6B0079874A /* Project object */ = {
			isa = PBXProject;
			attributes = {
				LastSwiftUpdateCheck = 1250;
				LastUpgradeCheck = 1250;
				TargetAttributes = {
					6FF7AEE02694ED6B0079874A = {
						CreatedOnToolsVersion = 12.5;
					};
					6FF7AEF62694ED6E0079874A = {
						CreatedOnToolsVersion = 12.5;
						TestTargetID = 6FF7AEE02694ED6B0079874A;
					};
					6FF7AF012694ED6E0079874A = {
						CreatedOnToolsVersion = 12.5;
						TestTargetID = 6FF7AEE02694ED6B0079874A;
					};
				};
			};
			buildConfigurationList = 6FF7AEDC2694ED6B0079874A /* Build configuration list for PBXProject "jouJou" */;
			compatibilityVersion = "Xcode 9.3";
			developmentRegion = en;
			hasScannedForEncodings = 0;
			knownRegions = (
				en,
				Base,
				"pt-BR",
			);
			mainGroup = 6FF7AED82694ED6B0079874A;
			productRefGroup = 6FF7AEE22694ED6B0079874A /* Products */;
			projectDirPath = "";
			projectRoot = "";
			targets = (
				6FF7AEE02694ED6B0079874A /* jouJou */,
				6FF7AEF62694ED6E0079874A /* jouJouTests */,
				6FF7AF012694ED6E0079874A /* jouJouUITests */,
			);
		};
/* End PBXProject section */

/* Begin PBXResourcesBuildPhase section */
		6FF7AEDF2694ED6B0079874A /* Resources */ = {
			isa = PBXResourcesBuildPhase;
			buildActionMask = 2147483647;
			files = (
				08DAEB93269E16FC00B05EB6 /* Raleway-ExtraLightItalic.ttf in Resources */,
				6FF7AEEC2694ED6E0079874A /* Preview Assets.xcassets in Resources */,
				08DAEB94269E16FC00B05EB6 /* Raleway-SemiBoldItalic.ttf in Resources */,
				08DAEB99269E16FC00B05EB6 /* Raleway-Thin.ttf in Resources */,
				08DAEB8C269E16FC00B05EB6 /* Raleway-ExtraBold.ttf in Resources */,
				08DAEB8D269E16FC00B05EB6 /* Raleway-ExtraLight.ttf in Resources */,
				08DAEB8F269E16FC00B05EB6 /* Raleway-Regular.ttf in Resources */,
				08DAEB96269E16FC00B05EB6 /* Raleway-Light.ttf in Resources */,
				08DAEB9B269E16FC00B05EB6 /* Raleway-BlackItalic.ttf in Resources */,
				08DAEB8B269E16FC00B05EB6 /* Raleway-Medium.ttf in Resources */,
				6F012E3A269CD6F60033C1B7 /* Localizable.strings in Resources */,
				08DAEBA0269E172C00B05EB6 /* LibreBaskerville-Regular.ttf in Resources */,
				08DAEBA2269E172C00B05EB6 /* LibreBaskerville-Italic.ttf in Resources */,
				08DAEB95269E16FC00B05EB6 /* Raleway-Italic.ttf in Resources */,
				6FF7AEE92694ED6E0079874A /* Assets.xcassets in Resources */,
				08DAEB97269E16FC00B05EB6 /* Raleway-BoldItalic.ttf in Resources */,
				08DAEB8E269E16FC00B05EB6 /* Raleway-Black.ttf in Resources */,
				08DAEB98269E16FC00B05EB6 /* Raleway-Bold.ttf in Resources */,
				08DAEB9A269E16FC00B05EB6 /* Raleway-MediumItalic.ttf in Resources */,
				08DAEB9C269E16FC00B05EB6 /* Raleway-LightItalic.ttf in Resources */,
				08DAEB90269E16FC00B05EB6 /* Raleway-ExtraBoldItalic.ttf in Resources */,
				08DAEBA1269E172C00B05EB6 /* LibreBaskerville-Bold.ttf in Resources */,
				08DAEB91269E16FC00B05EB6 /* Raleway-ThinItalic.ttf in Resources */,
				08DAEB92269E16FC00B05EB6 /* Raleway-SemiBold.ttf in Resources */,
			);
			runOnlyForDeploymentPostprocessing = 0;
		};
		6FF7AEF52694ED6E0079874A /* Resources */ = {
			isa = PBXResourcesBuildPhase;
			buildActionMask = 2147483647;
			files = (
			);
			runOnlyForDeploymentPostprocessing = 0;
		};
		6FF7AF002694ED6E0079874A /* Resources */ = {
			isa = PBXResourcesBuildPhase;
			buildActionMask = 2147483647;
			files = (
			);
			runOnlyForDeploymentPostprocessing = 0;
		};
/* End PBXResourcesBuildPhase section */

/* Begin PBXSourcesBuildPhase section */
		6FF7AEDD2694ED6B0079874A /* Sources */ = {
			isa = PBXSourcesBuildPhase;
			buildActionMask = 2147483647;
			files = (
				6FF7AEEE2694ED6E0079874A /* Persistence.swift in Sources */,
				08DAEB77269E15AF00B05EB6 /* Colors.swift in Sources */,
				A862F11F269F5E5600D903B1 /* DrawingView.swift in Sources */,
				6FF7AEE72694ED6B0079874A /* ContentView.swift in Sources */,
				A862F0FC269E319B00D903B1 /* ImageTestView.swift in Sources */,
				A862F106269E31A600D903B1 /* ImageView.swift in Sources */,
				08DAEBA9269E2C9F00B05EB6 /* TextView.swift in Sources */,
				08DAEBAB269E2E6300B05EB6 /* Views.swift in Sources */,
				6FF7AEE52694ED6B0079874A /* jouJouApp.swift in Sources */,
				A862F101269E31A000D903B1 /* ImagePicker.swift in Sources */,
				6FF7AEF12694ED6E0079874A /* jouJou.xcdatamodeld in Sources */,
				08DAEBA7269E1AFF00B05EB6 /* Canvas.swift in Sources */,
			);
			runOnlyForDeploymentPostprocessing = 0;
		};
		6FF7AEF32694ED6E0079874A /* Sources */ = {
			isa = PBXSourcesBuildPhase;
			buildActionMask = 2147483647;
			files = (
				6FF7AEFC2694ED6E0079874A /* jouJouTests.swift in Sources */,
			);
			runOnlyForDeploymentPostprocessing = 0;
		};
		6FF7AEFE2694ED6E0079874A /* Sources */ = {
			isa = PBXSourcesBuildPhase;
			buildActionMask = 2147483647;
			files = (
				6FF7AF072694ED6E0079874A /* jouJouUITests.swift in Sources */,
			);
			runOnlyForDeploymentPostprocessing = 0;
		};
/* End PBXSourcesBuildPhase section */

/* Begin PBXTargetDependency section */
		6FF7AEF92694ED6E0079874A /* PBXTargetDependency */ = {
			isa = PBXTargetDependency;
			target = 6FF7AEE02694ED6B0079874A /* jouJou */;
			targetProxy = 6FF7AEF82694ED6E0079874A /* PBXContainerItemProxy */;
		};
		6FF7AF042694ED6E0079874A /* PBXTargetDependency */ = {
			isa = PBXTargetDependency;
			target = 6FF7AEE02694ED6B0079874A /* jouJou */;
			targetProxy = 6FF7AF032694ED6E0079874A /* PBXContainerItemProxy */;
		};
/* End PBXTargetDependency section */

/* Begin PBXVariantGroup section */
		6F012E3C269CD6F60033C1B7 /* Localizable.strings */ = {
			isa = PBXVariantGroup;
			children = (
				6F012E3B269CD6F60033C1B7 /* en */,
				6F012E3D269CD7570033C1B7 /* pt-BR */,
			);
			name = Localizable.strings;
			sourceTree = "<group>";
		};
/* End PBXVariantGroup section */

/* Begin XCBuildConfiguration section */
		6FF7AF092694ED6E0079874A /* Debug */ = {
			isa = XCBuildConfiguration;
			buildSettings = {
				ALWAYS_SEARCH_USER_PATHS = NO;
				CLANG_ANALYZER_LOCALIZABILITY_NONLOCALIZED = YES;
				CLANG_ANALYZER_NONNULL = YES;
				CLANG_ANALYZER_NUMBER_OBJECT_CONVERSION = YES_AGGRESSIVE;
				CLANG_CXX_LANGUAGE_STANDARD = "gnu++14";
				CLANG_CXX_LIBRARY = "libc++";
				CLANG_ENABLE_MODULES = YES;
				CLANG_ENABLE_OBJC_ARC = YES;
				CLANG_ENABLE_OBJC_WEAK = YES;
				CLANG_WARN_BLOCK_CAPTURE_AUTORELEASING = YES;
				CLANG_WARN_BOOL_CONVERSION = YES;
				CLANG_WARN_COMMA = YES;
				CLANG_WARN_CONSTANT_CONVERSION = YES;
				CLANG_WARN_DEPRECATED_OBJC_IMPLEMENTATIONS = YES;
				CLANG_WARN_DIRECT_OBJC_ISA_USAGE = YES_ERROR;
				CLANG_WARN_DOCUMENTATION_COMMENTS = YES;
				CLANG_WARN_EMPTY_BODY = YES;
				CLANG_WARN_ENUM_CONVERSION = YES;
				CLANG_WARN_INFINITE_RECURSION = YES;
				CLANG_WARN_INT_CONVERSION = YES;
				CLANG_WARN_NON_LITERAL_NULL_CONVERSION = YES;
				CLANG_WARN_OBJC_IMPLICIT_RETAIN_SELF = YES;
				CLANG_WARN_OBJC_LITERAL_CONVERSION = YES;
				CLANG_WARN_OBJC_ROOT_CLASS = YES_ERROR;
				CLANG_WARN_QUOTED_INCLUDE_IN_FRAMEWORK_HEADER = YES;
				CLANG_WARN_RANGE_LOOP_ANALYSIS = YES;
				CLANG_WARN_STRICT_PROTOTYPES = YES;
				CLANG_WARN_SUSPICIOUS_MOVE = YES;
				CLANG_WARN_UNGUARDED_AVAILABILITY = YES_AGGRESSIVE;
				CLANG_WARN_UNREACHABLE_CODE = YES;
				CLANG_WARN__DUPLICATE_METHOD_MATCH = YES;
				COPY_PHASE_STRIP = NO;
				DEBUG_INFORMATION_FORMAT = dwarf;
				ENABLE_STRICT_OBJC_MSGSEND = YES;
				ENABLE_TESTABILITY = YES;
				GCC_C_LANGUAGE_STANDARD = gnu11;
				GCC_DYNAMIC_NO_PIC = NO;
				GCC_NO_COMMON_BLOCKS = YES;
				GCC_OPTIMIZATION_LEVEL = 0;
				GCC_PREPROCESSOR_DEFINITIONS = (
					"DEBUG=1",
					"$(inherited)",
				);
				GCC_WARN_64_TO_32_BIT_CONVERSION = YES;
				GCC_WARN_ABOUT_RETURN_TYPE = YES_ERROR;
				GCC_WARN_UNDECLARED_SELECTOR = YES;
				GCC_WARN_UNINITIALIZED_AUTOS = YES_AGGRESSIVE;
				GCC_WARN_UNUSED_FUNCTION = YES;
				GCC_WARN_UNUSED_VARIABLE = YES;
				IPHONEOS_DEPLOYMENT_TARGET = 14.5;
				MTL_ENABLE_DEBUG_INFO = INCLUDE_SOURCE;
				MTL_FAST_MATH = YES;
				ONLY_ACTIVE_ARCH = YES;
				SDKROOT = iphoneos;
				SWIFT_ACTIVE_COMPILATION_CONDITIONS = DEBUG;
				SWIFT_OPTIMIZATION_LEVEL = "-Onone";
			};
			name = Debug;
		};
		6FF7AF0A2694ED6E0079874A /* Release */ = {
			isa = XCBuildConfiguration;
			buildSettings = {
				ALWAYS_SEARCH_USER_PATHS = NO;
				CLANG_ANALYZER_LOCALIZABILITY_NONLOCALIZED = YES;
				CLANG_ANALYZER_NONNULL = YES;
				CLANG_ANALYZER_NUMBER_OBJECT_CONVERSION = YES_AGGRESSIVE;
				CLANG_CXX_LANGUAGE_STANDARD = "gnu++14";
				CLANG_CXX_LIBRARY = "libc++";
				CLANG_ENABLE_MODULES = YES;
				CLANG_ENABLE_OBJC_ARC = YES;
				CLANG_ENABLE_OBJC_WEAK = YES;
				CLANG_WARN_BLOCK_CAPTURE_AUTORELEASING = YES;
				CLANG_WARN_BOOL_CONVERSION = YES;
				CLANG_WARN_COMMA = YES;
				CLANG_WARN_CONSTANT_CONVERSION = YES;
				CLANG_WARN_DEPRECATED_OBJC_IMPLEMENTATIONS = YES;
				CLANG_WARN_DIRECT_OBJC_ISA_USAGE = YES_ERROR;
				CLANG_WARN_DOCUMENTATION_COMMENTS = YES;
				CLANG_WARN_EMPTY_BODY = YES;
				CLANG_WARN_ENUM_CONVERSION = YES;
				CLANG_WARN_INFINITE_RECURSION = YES;
				CLANG_WARN_INT_CONVERSION = YES;
				CLANG_WARN_NON_LITERAL_NULL_CONVERSION = YES;
				CLANG_WARN_OBJC_IMPLICIT_RETAIN_SELF = YES;
				CLANG_WARN_OBJC_LITERAL_CONVERSION = YES;
				CLANG_WARN_OBJC_ROOT_CLASS = YES_ERROR;
				CLANG_WARN_QUOTED_INCLUDE_IN_FRAMEWORK_HEADER = YES;
				CLANG_WARN_RANGE_LOOP_ANALYSIS = YES;
				CLANG_WARN_STRICT_PROTOTYPES = YES;
				CLANG_WARN_SUSPICIOUS_MOVE = YES;
				CLANG_WARN_UNGUARDED_AVAILABILITY = YES_AGGRESSIVE;
				CLANG_WARN_UNREACHABLE_CODE = YES;
				CLANG_WARN__DUPLICATE_METHOD_MATCH = YES;
				COPY_PHASE_STRIP = NO;
				DEBUG_INFORMATION_FORMAT = "dwarf-with-dsym";
				ENABLE_NS_ASSERTIONS = NO;
				ENABLE_STRICT_OBJC_MSGSEND = YES;
				GCC_C_LANGUAGE_STANDARD = gnu11;
				GCC_NO_COMMON_BLOCKS = YES;
				GCC_WARN_64_TO_32_BIT_CONVERSION = YES;
				GCC_WARN_ABOUT_RETURN_TYPE = YES_ERROR;
				GCC_WARN_UNDECLARED_SELECTOR = YES;
				GCC_WARN_UNINITIALIZED_AUTOS = YES_AGGRESSIVE;
				GCC_WARN_UNUSED_FUNCTION = YES;
				GCC_WARN_UNUSED_VARIABLE = YES;
				IPHONEOS_DEPLOYMENT_TARGET = 14.5;
				MTL_ENABLE_DEBUG_INFO = NO;
				MTL_FAST_MATH = YES;
				SDKROOT = iphoneos;
				SWIFT_COMPILATION_MODE = wholemodule;
				SWIFT_OPTIMIZATION_LEVEL = "-O";
				VALIDATE_PRODUCT = YES;
			};
			name = Release;
		};
		6FF7AF0C2694ED6E0079874A /* Debug */ = {
			isa = XCBuildConfiguration;
			buildSettings = {
				ASSETCATALOG_COMPILER_APPICON_NAME = AppIcon;
				ASSETCATALOG_COMPILER_GLOBAL_ACCENT_COLOR_NAME = AccentColor;
				CODE_SIGN_STYLE = Automatic;
				DEVELOPMENT_ASSET_PATHS = "\"jouJou/Preview Content\"";
				ENABLE_PREVIEWS = YES;
				INFOPLIST_FILE = jouJou/Info.plist;
				IPHONEOS_DEPLOYMENT_TARGET = 14.0;
				LD_RUNPATH_SEARCH_PATHS = (
					"$(inherited)",
					"@executable_path/Frameworks",
				);
				PRODUCT_BUNDLE_IDENTIFIER = academy.cin.ufpe.br.jouJou;
				PRODUCT_NAME = "$(TARGET_NAME)";
				SWIFT_VERSION = 5.0;
				TARGETED_DEVICE_FAMILY = "1,2";
			};
			name = Debug;
		};
		6FF7AF0D2694ED6E0079874A /* Release */ = {
			isa = XCBuildConfiguration;
			buildSettings = {
				ASSETCATALOG_COMPILER_APPICON_NAME = AppIcon;
				ASSETCATALOG_COMPILER_GLOBAL_ACCENT_COLOR_NAME = AccentColor;
				CODE_SIGN_STYLE = Automatic;
				DEVELOPMENT_ASSET_PATHS = "\"jouJou/Preview Content\"";
				ENABLE_PREVIEWS = YES;
				INFOPLIST_FILE = jouJou/Info.plist;
				IPHONEOS_DEPLOYMENT_TARGET = 14.0;
				LD_RUNPATH_SEARCH_PATHS = (
					"$(inherited)",
					"@executable_path/Frameworks",
				);
				PRODUCT_BUNDLE_IDENTIFIER = academy.cin.ufpe.br.jouJou;
				PRODUCT_NAME = "$(TARGET_NAME)";
				SWIFT_VERSION = 5.0;
				TARGETED_DEVICE_FAMILY = "1,2";
			};
			name = Release;
		};
		6FF7AF0F2694ED6E0079874A /* Debug */ = {
			isa = XCBuildConfiguration;
			buildSettings = {
				ALWAYS_EMBED_SWIFT_STANDARD_LIBRARIES = YES;
				BUNDLE_LOADER = "$(TEST_HOST)";
				CODE_SIGN_STYLE = Automatic;
				INFOPLIST_FILE = jouJouTests/Info.plist;
				IPHONEOS_DEPLOYMENT_TARGET = 14.0;
				LD_RUNPATH_SEARCH_PATHS = (
					"$(inherited)",
					"@executable_path/Frameworks",
					"@loader_path/Frameworks",
				);
				PRODUCT_BUNDLE_IDENTIFIER = academy.cin.ufpe.br.jouJouTests;
				PRODUCT_NAME = "$(TARGET_NAME)";
				SWIFT_VERSION = 5.0;
				TARGETED_DEVICE_FAMILY = "1,2";
				TEST_HOST = "$(BUILT_PRODUCTS_DIR)/jouJou.app/jouJou";
			};
			name = Debug;
		};
		6FF7AF102694ED6E0079874A /* Release */ = {
			isa = XCBuildConfiguration;
			buildSettings = {
				ALWAYS_EMBED_SWIFT_STANDARD_LIBRARIES = YES;
				BUNDLE_LOADER = "$(TEST_HOST)";
				CODE_SIGN_STYLE = Automatic;
				INFOPLIST_FILE = jouJouTests/Info.plist;
				IPHONEOS_DEPLOYMENT_TARGET = 14.0;
				LD_RUNPATH_SEARCH_PATHS = (
					"$(inherited)",
					"@executable_path/Frameworks",
					"@loader_path/Frameworks",
				);
				PRODUCT_BUNDLE_IDENTIFIER = academy.cin.ufpe.br.jouJouTests;
				PRODUCT_NAME = "$(TARGET_NAME)";
				SWIFT_VERSION = 5.0;
				TARGETED_DEVICE_FAMILY = "1,2";
				TEST_HOST = "$(BUILT_PRODUCTS_DIR)/jouJou.app/jouJou";
			};
			name = Release;
		};
		6FF7AF122694ED6E0079874A /* Debug */ = {
			isa = XCBuildConfiguration;
			buildSettings = {
				ALWAYS_EMBED_SWIFT_STANDARD_LIBRARIES = YES;
				CODE_SIGN_STYLE = Automatic;
				INFOPLIST_FILE = jouJouUITests/Info.plist;
				LD_RUNPATH_SEARCH_PATHS = (
					"$(inherited)",
					"@executable_path/Frameworks",
					"@loader_path/Frameworks",
				);
				PRODUCT_BUNDLE_IDENTIFIER = academy.cin.ufpe.br.jouJouUITests;
				PRODUCT_NAME = "$(TARGET_NAME)";
				SWIFT_VERSION = 5.0;
				TARGETED_DEVICE_FAMILY = "1,2";
				TEST_TARGET_NAME = jouJou;
			};
			name = Debug;
		};
		6FF7AF132694ED6E0079874A /* Release */ = {
			isa = XCBuildConfiguration;
			buildSettings = {
				ALWAYS_EMBED_SWIFT_STANDARD_LIBRARIES = YES;
				CODE_SIGN_STYLE = Automatic;
				INFOPLIST_FILE = jouJouUITests/Info.plist;
				LD_RUNPATH_SEARCH_PATHS = (
					"$(inherited)",
					"@executable_path/Frameworks",
					"@loader_path/Frameworks",
				);
				PRODUCT_BUNDLE_IDENTIFIER = academy.cin.ufpe.br.jouJouUITests;
				PRODUCT_NAME = "$(TARGET_NAME)";
				SWIFT_VERSION = 5.0;
				TARGETED_DEVICE_FAMILY = "1,2";
				TEST_TARGET_NAME = jouJou;
			};
			name = Release;
		};
/* End XCBuildConfiguration section */

/* Begin XCConfigurationList section */
		6FF7AEDC2694ED6B0079874A /* Build configuration list for PBXProject "jouJou" */ = {
			isa = XCConfigurationList;
			buildConfigurations = (
				6FF7AF092694ED6E0079874A /* Debug */,
				6FF7AF0A2694ED6E0079874A /* Release */,
			);
			defaultConfigurationIsVisible = 0;
			defaultConfigurationName = Release;
		};
		6FF7AF0B2694ED6E0079874A /* Build configuration list for PBXNativeTarget "jouJou" */ = {
			isa = XCConfigurationList;
			buildConfigurations = (
				6FF7AF0C2694ED6E0079874A /* Debug */,
				6FF7AF0D2694ED6E0079874A /* Release */,
			);
			defaultConfigurationIsVisible = 0;
			defaultConfigurationName = Release;
		};
		6FF7AF0E2694ED6E0079874A /* Build configuration list for PBXNativeTarget "jouJouTests" */ = {
			isa = XCConfigurationList;
			buildConfigurations = (
				6FF7AF0F2694ED6E0079874A /* Debug */,
				6FF7AF102694ED6E0079874A /* Release */,
			);
			defaultConfigurationIsVisible = 0;
			defaultConfigurationName = Release;
		};
		6FF7AF112694ED6E0079874A /* Build configuration list for PBXNativeTarget "jouJouUITests" */ = {
			isa = XCConfigurationList;
			buildConfigurations = (
				6FF7AF122694ED6E0079874A /* Debug */,
				6FF7AF132694ED6E0079874A /* Release */,
			);
			defaultConfigurationIsVisible = 0;
			defaultConfigurationName = Release;
		};
/* End XCConfigurationList section */

/* Begin XCVersionGroup section */
		6FF7AEEF2694ED6E0079874A /* jouJou.xcdatamodeld */ = {
			isa = XCVersionGroup;
			children = (
				6FF7AEF02694ED6E0079874A /* jouJou.xcdatamodel */,
			);
			currentVersion = 6FF7AEF02694ED6E0079874A /* jouJou.xcdatamodel */;
			path = jouJou.xcdatamodeld;
			sourceTree = "<group>";
			versionGroupType = wrapper.xcdatamodel;
		};
/* End XCVersionGroup section */
	};
	rootObject = 6FF7AED92694ED6B0079874A /* Project object */;
}
